// !$*UTF8*$!
{
	archiveVersion = 1;
	classes = {
	};
	objectVersion = 50;
	objects = {

/* Begin PBXBuildFile section */
		5C38168F24A78B9D00A3ED1C /* DrinkRow.swift in Sources */ = {isa = PBXBuildFile; fileRef = 5C38168E24A78B9D00A3ED1C /* DrinkRow.swift */; };
		5C38169124A78CC700A3ED1C /* Ingredient.swift in Sources */ = {isa = PBXBuildFile; fileRef = 5C38169024A78CC700A3ED1C /* Ingredient.swift */; };
		5C38169324A78E1A00A3ED1C /* Data.swift in Sources */ = {isa = PBXBuildFile; fileRef = 5C38169224A78E1A00A3ED1C /* Data.swift */; };
		5C38169624A78E6F00A3ED1C /* IngredientList.swift in Sources */ = {isa = PBXBuildFile; fileRef = 5C38169524A78E6F00A3ED1C /* IngredientList.swift */; };
		5C38169824A78E8700A3ED1C /* Drink.swift in Sources */ = {isa = PBXBuildFile; fileRef = 5C38169724A78E8700A3ED1C /* Drink.swift */; };
		5C38169A24A78E9D00A3ED1C /* DrinkList.swift in Sources */ = {isa = PBXBuildFile; fileRef = 5C38169924A78E9D00A3ED1C /* DrinkList.swift */; };
		5C38169D24A78FC100A3ED1C /* Get.swift in Sources */ = {isa = PBXBuildFile; fileRef = 5C38169C24A78FC100A3ED1C /* Get.swift */; };
		5C3816A024A7935C00A3ED1C /* Ingredient.json in Resources */ = {isa = PBXBuildFile; fileRef = 5C38169F24A7935C00A3ED1C /* Ingredient.json */; };
		5C3816A224A7956300A3ED1C /* Drink.json in Resources */ = {isa = PBXBuildFile; fileRef = 5C3816A124A7956300A3ED1C /* Drink.json */; };
		5C3816A424A797C000A3ED1C /* TestDataDecodable.swift in Sources */ = {isa = PBXBuildFile; fileRef = 5C3816A324A797C000A3ED1C /* TestDataDecodable.swift */; };
		5C3816A624A7A23B00A3ED1C /* Recipe.swift in Sources */ = {isa = PBXBuildFile; fileRef = 5C3816A524A7A23B00A3ED1C /* Recipe.swift */; };
		5C3816A824A7A75A00A3ED1C /* Recipe.json in Resources */ = {isa = PBXBuildFile; fileRef = 5C3816A724A7A75A00A3ED1C /* Recipe.json */; };
		5C3816AA24A7A81F00A3ED1C /* RecipeView.swift in Sources */ = {isa = PBXBuildFile; fileRef = 5C3816A924A7A81F00A3ED1C /* RecipeView.swift */; };
		5C3816AC24A7AB6A00A3ED1C /* ImageStore.swift in Sources */ = {isa = PBXBuildFile; fileRef = 5C3816AB24A7AB6A00A3ED1C /* ImageStore.swift */; };
		5CD1365724A6A9E900FD888E /* TalesApp.swift in Sources */ = {isa = PBXBuildFile; fileRef = 5CD1365624A6A9E900FD888E /* TalesApp.swift */; };
		5CD1365924A6A9E900FD888E /* IngredientsListView.swift in Sources */ = {isa = PBXBuildFile; fileRef = 5CD1365824A6A9E900FD888E /* IngredientsListView.swift */; };
		5CD1365B24A6A9EB00FD888E /* Assets.xcassets in Resources */ = {isa = PBXBuildFile; fileRef = 5CD1365A24A6A9EB00FD888E /* Assets.xcassets */; };
		5CD1365E24A6A9EB00FD888E /* Preview Assets.xcassets in Resources */ = {isa = PBXBuildFile; fileRef = 5CD1365D24A6A9EB00FD888E /* Preview Assets.xcassets */; };
		5CD1366924A6A9EB00FD888E /* TalesTests.swift in Sources */ = {isa = PBXBuildFile; fileRef = 5CD1366824A6A9EB00FD888E /* TalesTests.swift */; };
		5CD1367424A6A9EB00FD888E /* TalesUITests.swift in Sources */ = {isa = PBXBuildFile; fileRef = 5CD1367324A6A9EB00FD888E /* TalesUITests.swift */; };
		5CD1368224A6AB5200FD888E /* Network.swift in Sources */ = {isa = PBXBuildFile; fileRef = 5CD1368124A6AB5200FD888E /* Network.swift */; };
		5CD1368424A6D89100FD888E /* DrinkListView.swift in Sources */ = {isa = PBXBuildFile; fileRef = 5CD1368324A6D89100FD888E /* DrinkListView.swift */; };
		5CD1368624A6D8D500FD888E /* ApiRequest.swift in Sources */ = {isa = PBXBuildFile; fileRef = 5CD1368524A6D8D500FD888E /* ApiRequest.swift */; };
		5CE23E1524A7EA6100DF8C5B /* RecipeViewModel.swift in Sources */ = {isa = PBXBuildFile; fileRef = 5CE23E1424A7EA6100DF8C5B /* RecipeViewModel.swift */; };
/* End PBXBuildFile section */

/* Begin PBXContainerItemProxy section */
		5CD1366524A6A9EB00FD888E /* PBXContainerItemProxy */ = {
			isa = PBXContainerItemProxy;
			containerPortal = 5CD1364B24A6A9E900FD888E /* Project object */;
			proxyType = 1;
			remoteGlobalIDString = 5CD1365224A6A9E900FD888E;
			remoteInfo = Tales;
		};
		5CD1367024A6A9EB00FD888E /* PBXContainerItemProxy */ = {
			isa = PBXContainerItemProxy;
			containerPortal = 5CD1364B24A6A9E900FD888E /* Project object */;
			proxyType = 1;
			remoteGlobalIDString = 5CD1365224A6A9E900FD888E;
			remoteInfo = Tales;
		};
/* End PBXContainerItemProxy section */

/* Begin PBXFileReference section */
		5C38168E24A78B9D00A3ED1C /* DrinkRow.swift */ = {isa = PBXFileReference; lastKnownFileType = sourcecode.swift; path = DrinkRow.swift; sourceTree = "<group>"; };
		5C38169024A78CC700A3ED1C /* Ingredient.swift */ = {isa = PBXFileReference; lastKnownFileType = sourcecode.swift; path = Ingredient.swift; sourceTree = "<group>"; };
		5C38169224A78E1A00A3ED1C /* Data.swift */ = {isa = PBXFileReference; lastKnownFileType = sourcecode.swift; path = Data.swift; sourceTree = "<group>"; };
		5C38169524A78E6F00A3ED1C /* IngredientList.swift */ = {isa = PBXFileReference; lastKnownFileType = sourcecode.swift; path = IngredientList.swift; sourceTree = "<group>"; };
		5C38169724A78E8700A3ED1C /* Drink.swift */ = {isa = PBXFileReference; lastKnownFileType = sourcecode.swift; path = Drink.swift; sourceTree = "<group>"; };
		5C38169924A78E9D00A3ED1C /* DrinkList.swift */ = {isa = PBXFileReference; lastKnownFileType = sourcecode.swift; path = DrinkList.swift; sourceTree = "<group>"; };
		5C38169C24A78FC100A3ED1C /* Get.swift */ = {isa = PBXFileReference; lastKnownFileType = sourcecode.swift; path = Get.swift; sourceTree = "<group>"; };
		5C38169F24A7935C00A3ED1C /* Ingredient.json */ = {isa = PBXFileReference; lastKnownFileType = text.json; path = Ingredient.json; sourceTree = "<group>"; };
		5C3816A124A7956300A3ED1C /* Drink.json */ = {isa = PBXFileReference; lastKnownFileType = text.json; path = Drink.json; sourceTree = "<group>"; };
		5C3816A324A797C000A3ED1C /* TestDataDecodable.swift */ = {isa = PBXFileReference; lastKnownFileType = sourcecode.swift; path = TestDataDecodable.swift; sourceTree = "<group>"; };
		5C3816A524A7A23B00A3ED1C /* Recipe.swift */ = {isa = PBXFileReference; lastKnownFileType = sourcecode.swift; path = Recipe.swift; sourceTree = "<group>"; };
		5C3816A724A7A75A00A3ED1C /* Recipe.json */ = {isa = PBXFileReference; lastKnownFileType = text.json; path = Recipe.json; sourceTree = "<group>"; };
		5C3816A924A7A81F00A3ED1C /* RecipeView.swift */ = {isa = PBXFileReference; lastKnownFileType = sourcecode.swift; path = RecipeView.swift; sourceTree = "<group>"; };
		5C3816AB24A7AB6A00A3ED1C /* ImageStore.swift */ = {isa = PBXFileReference; lastKnownFileType = sourcecode.swift; path = ImageStore.swift; sourceTree = "<group>"; };
		5CD1365324A6A9E900FD888E /* Tales.app */ = {isa = PBXFileReference; explicitFileType = wrapper.application; includeInIndex = 0; path = Tales.app; sourceTree = BUILT_PRODUCTS_DIR; };
		5CD1365624A6A9E900FD888E /* TalesApp.swift */ = {isa = PBXFileReference; lastKnownFileType = sourcecode.swift; path = TalesApp.swift; sourceTree = "<group>"; };
		5CD1365824A6A9E900FD888E /* IngredientsListView.swift */ = {isa = PBXFileReference; lastKnownFileType = sourcecode.swift; path = IngredientsListView.swift; sourceTree = "<group>"; };
		5CD1365A24A6A9EB00FD888E /* Assets.xcassets */ = {isa = PBXFileReference; lastKnownFileType = folder.assetcatalog; path = Assets.xcassets; sourceTree = "<group>"; };
		5CD1365D24A6A9EB00FD888E /* Preview Assets.xcassets */ = {isa = PBXFileReference; lastKnownFileType = folder.assetcatalog; path = "Preview Assets.xcassets"; sourceTree = "<group>"; };
		5CD1365F24A6A9EB00FD888E /* Info.plist */ = {isa = PBXFileReference; lastKnownFileType = text.plist.xml; path = Info.plist; sourceTree = "<group>"; };
		5CD1366424A6A9EB00FD888E /* TalesTests.xctest */ = {isa = PBXFileReference; explicitFileType = wrapper.cfbundle; includeInIndex = 0; path = TalesTests.xctest; sourceTree = BUILT_PRODUCTS_DIR; };
		5CD1366824A6A9EB00FD888E /* TalesTests.swift */ = {isa = PBXFileReference; lastKnownFileType = sourcecode.swift; path = TalesTests.swift; sourceTree = "<group>"; };
		5CD1366A24A6A9EB00FD888E /* Info.plist */ = {isa = PBXFileReference; lastKnownFileType = text.plist.xml; path = Info.plist; sourceTree = "<group>"; };
		5CD1366F24A6A9EB00FD888E /* TalesUITests.xctest */ = {isa = PBXFileReference; explicitFileType = wrapper.cfbundle; includeInIndex = 0; path = TalesUITests.xctest; sourceTree = BUILT_PRODUCTS_DIR; };
		5CD1367324A6A9EB00FD888E /* TalesUITests.swift */ = {isa = PBXFileReference; lastKnownFileType = sourcecode.swift; path = TalesUITests.swift; sourceTree = "<group>"; };
		5CD1367524A6A9EB00FD888E /* Info.plist */ = {isa = PBXFileReference; lastKnownFileType = text.plist.xml; path = Info.plist; sourceTree = "<group>"; };
		5CD1368124A6AB5200FD888E /* Network.swift */ = {isa = PBXFileReference; lastKnownFileType = sourcecode.swift; path = Network.swift; sourceTree = "<group>"; };
		5CD1368324A6D89100FD888E /* DrinkListView.swift */ = {isa = PBXFileReference; lastKnownFileType = sourcecode.swift; path = DrinkListView.swift; sourceTree = "<group>"; };
		5CD1368524A6D8D500FD888E /* ApiRequest.swift */ = {isa = PBXFileReference; lastKnownFileType = sourcecode.swift; path = ApiRequest.swift; sourceTree = "<group>"; };
		5CE23E1424A7EA6100DF8C5B /* RecipeViewModel.swift */ = {isa = PBXFileReference; lastKnownFileType = sourcecode.swift; path = RecipeViewModel.swift; sourceTree = "<group>"; };
/* End PBXFileReference section */

/* Begin PBXFrameworksBuildPhase section */
		5CD1365024A6A9E900FD888E /* Frameworks */ = {
			isa = PBXFrameworksBuildPhase;
			buildActionMask = 2147483647;
			files = (
			);
			runOnlyForDeploymentPostprocessing = 0;
		};
		5CD1366124A6A9EB00FD888E /* Frameworks */ = {
			isa = PBXFrameworksBuildPhase;
			buildActionMask = 2147483647;
			files = (
			);
			runOnlyForDeploymentPostprocessing = 0;
		};
		5CD1366C24A6A9EB00FD888E /* Frameworks */ = {
			isa = PBXFrameworksBuildPhase;
			buildActionMask = 2147483647;
			files = (
			);
			runOnlyForDeploymentPostprocessing = 0;
		};
/* End PBXFrameworksBuildPhase section */

/* Begin PBXGroup section */
		5C38169424A78E3F00A3ED1C /* Model */ = {
			isa = PBXGroup;
			children = (
				5C3816A324A797C000A3ED1C /* TestDataDecodable.swift */,
				5C38169024A78CC700A3ED1C /* Ingredient.swift */,
				5C38169224A78E1A00A3ED1C /* Data.swift */,
				5C38169524A78E6F00A3ED1C /* IngredientList.swift */,
				5C38169724A78E8700A3ED1C /* Drink.swift */,
				5C38169924A78E9D00A3ED1C /* DrinkList.swift */,
				5C3816A524A7A23B00A3ED1C /* Recipe.swift */,
			);
			path = Model;
			sourceTree = "<group>";
		};
		5C38169B24A78FA200A3ED1C /* Network */ = {
			isa = PBXGroup;
			children = (
				5CD1368124A6AB5200FD888E /* Network.swift */,
				5CD1368524A6D8D500FD888E /* ApiRequest.swift */,
				5C38169C24A78FC100A3ED1C /* Get.swift */,
			);
			path = Network;
			sourceTree = "<group>";
		};
		5C38169E24A7933200A3ED1C /* TestJson */ = {
			isa = PBXGroup;
			children = (
				5C38169F24A7935C00A3ED1C /* Ingredient.json */,
				5C3816A124A7956300A3ED1C /* Drink.json */,
				5C3816A724A7A75A00A3ED1C /* Recipe.json */,
			);
			path = TestJson;
			sourceTree = "<group>";
		};
		5C3816AD24A7AD7F00A3ED1C /* Views */ = {
			isa = PBXGroup;
			children = (
				5CD1365824A6A9E900FD888E /* IngredientsListView.swift */,
				5C38168E24A78B9D00A3ED1C /* DrinkRow.swift */,
				5CD1368324A6D89100FD888E /* DrinkListView.swift */,
				5C3816A924A7A81F00A3ED1C /* RecipeView.swift */,
			);
			path = Views;
			sourceTree = "<group>";
		};
		5CD1364A24A6A9E900FD888E = {
			isa = PBXGroup;
			children = (
				5CD1365524A6A9E900FD888E /* Tales */,
				5C38169E24A7933200A3ED1C /* TestJson */,
				5CD1366724A6A9EB00FD888E /* TalesTests */,
				5CD1367224A6A9EB00FD888E /* TalesUITests */,
				5CD1365424A6A9E900FD888E /* Products */,
			);
			sourceTree = "<group>";
		};
		5CD1365424A6A9E900FD888E /* Products */ = {
			isa = PBXGroup;
			children = (
				5CD1365324A6A9E900FD888E /* Tales.app */,
				5CD1366424A6A9EB00FD888E /* TalesTests.xctest */,
				5CD1366F24A6A9EB00FD888E /* TalesUITests.xctest */,
			);
			name = Products;
			sourceTree = "<group>";
		};
		5CD1365524A6A9E900FD888E /* Tales */ = {
			isa = PBXGroup;
			children = (
				5C3816AD24A7AD7F00A3ED1C /* Views */,
				5CD1365C24A6A9EB00FD888E /* Preview Content */,
				5C38169B24A78FA200A3ED1C /* Network */,
				5C38169424A78E3F00A3ED1C /* Model */,
				5C3816AB24A7AB6A00A3ED1C /* ImageStore.swift */,
				5CD1365624A6A9E900FD888E /* TalesApp.swift */,
				5CD1365A24A6A9EB00FD888E /* Assets.xcassets */,
				5CD1365F24A6A9EB00FD888E /* Info.plist */,
				5CE23E1424A7EA6100DF8C5B /* RecipeViewModel.swift */,
			);
			path = Tales;
			sourceTree = "<group>";
		};
		5CD1365C24A6A9EB00FD888E /* Preview Content */ = {
			isa = PBXGroup;
			children = (
				5CD1365D24A6A9EB00FD888E /* Preview Assets.xcassets */,
			);
			path = "Preview Content";
			sourceTree = "<group>";
		};
		5CD1366724A6A9EB00FD888E /* TalesTests */ = {
			isa = PBXGroup;
			children = (
				5CD1366824A6A9EB00FD888E /* TalesTests.swift */,
				5CD1366A24A6A9EB00FD888E /* Info.plist */,
			);
			path = TalesTests;
			sourceTree = "<group>";
		};
		5CD1367224A6A9EB00FD888E /* TalesUITests */ = {
			isa = PBXGroup;
			children = (
				5CD1367324A6A9EB00FD888E /* TalesUITests.swift */,
				5CD1367524A6A9EB00FD888E /* Info.plist */,
			);
			path = TalesUITests;
			sourceTree = "<group>";
		};
/* End PBXGroup section */

/* Begin PBXNativeTarget section */
		5CD1365224A6A9E900FD888E /* Tales */ = {
			isa = PBXNativeTarget;
			buildConfigurationList = 5CD1367824A6A9EB00FD888E /* Build configuration list for PBXNativeTarget "Tales" */;
			buildPhases = (
				5CD1364F24A6A9E900FD888E /* Sources */,
				5CD1365024A6A9E900FD888E /* Frameworks */,
				5CD1365124A6A9E900FD888E /* Resources */,
			);
			buildRules = (
			);
			dependencies = (
			);
			name = Tales;
			productName = Tales;
			productReference = 5CD1365324A6A9E900FD888E /* Tales.app */;
			productType = "com.apple.product-type.application";
		};
		5CD1366324A6A9EB00FD888E /* TalesTests */ = {
			isa = PBXNativeTarget;
			buildConfigurationList = 5CD1367B24A6A9EB00FD888E /* Build configuration list for PBXNativeTarget "TalesTests" */;
			buildPhases = (
				5CD1366024A6A9EB00FD888E /* Sources */,
				5CD1366124A6A9EB00FD888E /* Frameworks */,
				5CD1366224A6A9EB00FD888E /* Resources */,
			);
			buildRules = (
			);
			dependencies = (
				5CD1366624A6A9EB00FD888E /* PBXTargetDependency */,
			);
			name = TalesTests;
			productName = TalesTests;
			productReference = 5CD1366424A6A9EB00FD888E /* TalesTests.xctest */;
			productType = "com.apple.product-type.bundle.unit-test";
		};
		5CD1366E24A6A9EB00FD888E /* TalesUITests */ = {
			isa = PBXNativeTarget;
			buildConfigurationList = 5CD1367E24A6A9EB00FD888E /* Build configuration list for PBXNativeTarget "TalesUITests" */;
			buildPhases = (
				5CD1366B24A6A9EB00FD888E /* Sources */,
				5CD1366C24A6A9EB00FD888E /* Frameworks */,
				5CD1366D24A6A9EB00FD888E /* Resources */,
			);
			buildRules = (
			);
			dependencies = (
				5CD1367124A6A9EB00FD888E /* PBXTargetDependency */,
			);
			name = TalesUITests;
			productName = TalesUITests;
			productReference = 5CD1366F24A6A9EB00FD888E /* TalesUITests.xctest */;
			productType = "com.apple.product-type.bundle.ui-testing";
		};
/* End PBXNativeTarget section */

/* Begin PBXProject section */
		5CD1364B24A6A9E900FD888E /* Project object */ = {
			isa = PBXProject;
			attributes = {
				LastSwiftUpdateCheck = 1200;
				LastUpgradeCheck = 1200;
				TargetAttributes = {
					5CD1365224A6A9E900FD888E = {
						CreatedOnToolsVersion = 12.0;
					};
					5CD1366324A6A9EB00FD888E = {
						CreatedOnToolsVersion = 12.0;
						TestTargetID = 5CD1365224A6A9E900FD888E;
					};
					5CD1366E24A6A9EB00FD888E = {
						CreatedOnToolsVersion = 12.0;
						TestTargetID = 5CD1365224A6A9E900FD888E;
					};
				};
			};
			buildConfigurationList = 5CD1364E24A6A9E900FD888E /* Build configuration list for PBXProject "Tales" */;
			compatibilityVersion = "Xcode 9.3";
			developmentRegion = en;
			hasScannedForEncodings = 0;
			knownRegions = (
				en,
				Base,
			);
			mainGroup = 5CD1364A24A6A9E900FD888E;
			productRefGroup = 5CD1365424A6A9E900FD888E /* Products */;
			projectDirPath = "";
			projectRoot = "";
			targets = (
				5CD1365224A6A9E900FD888E /* Tales */,
				5CD1366324A6A9EB00FD888E /* TalesTests */,
				5CD1366E24A6A9EB00FD888E /* TalesUITests */,
			);
		};
/* End PBXProject section */

/* Begin PBXResourcesBuildPhase section */
		5CD1365124A6A9E900FD888E /* Resources */ = {
			isa = PBXResourcesBuildPhase;
			buildActionMask = 2147483647;
			files = (
				5CD1365E24A6A9EB00FD888E /* Preview Assets.xcassets in Resources */,
				5CD1365B24A6A9EB00FD888E /* Assets.xcassets in Resources */,
				5C3816A224A7956300A3ED1C /* Drink.json in Resources */,
				5C3816A024A7935C00A3ED1C /* Ingredient.json in Resources */,
				5C3816A824A7A75A00A3ED1C /* Recipe.json in Resources */,
			);
			runOnlyForDeploymentPostprocessing = 0;
		};
		5CD1366224A6A9EB00FD888E /* Resources */ = {
			isa = PBXResourcesBuildPhase;
			buildActionMask = 2147483647;
			files = (
			);
			runOnlyForDeploymentPostprocessing = 0;
		};
		5CD1366D24A6A9EB00FD888E /* Resources */ = {
			isa = PBXResourcesBuildPhase;
			buildActionMask = 2147483647;
			files = (
			);
			runOnlyForDeploymentPostprocessing = 0;
		};
/* End PBXResourcesBuildPhase section */

/* Begin PBXSourcesBuildPhase section */
		5CD1364F24A6A9E900FD888E /* Sources */ = {
			isa = PBXSourcesBuildPhase;
			buildActionMask = 2147483647;
			files = (
				5CD1365924A6A9E900FD888E /* IngredientsListView.swift in Sources */,
				5C38168F24A78B9D00A3ED1C /* DrinkRow.swift in Sources */,
				5C38169124A78CC700A3ED1C /* Ingredient.swift in Sources */,
				5CE23E1524A7EA6100DF8C5B /* RecipeViewModel.swift in Sources */,
				5CD1365724A6A9E900FD888E /* TalesApp.swift in Sources */,
				5CD1368424A6D89100FD888E /* DrinkListView.swift in Sources */,
				5C38169A24A78E9D00A3ED1C /* DrinkList.swift in Sources */,
				5CD1368624A6D8D500FD888E /* ApiRequest.swift in Sources */,
				5CD1368224A6AB5200FD888E /* Network.swift in Sources */,
				5C3816A424A797C000A3ED1C /* TestDataDecodable.swift in Sources */,
				5C3816AA24A7A81F00A3ED1C /* RecipeView.swift in Sources */,
				5C3816A624A7A23B00A3ED1C /* Recipe.swift in Sources */,
				5C3816AC24A7AB6A00A3ED1C /* ImageStore.swift in Sources */,
				5C38169D24A78FC100A3ED1C /* Get.swift in Sources */,
				5C38169324A78E1A00A3ED1C /* Data.swift in Sources */,
				5C38169824A78E8700A3ED1C /* Drink.swift in Sources */,
				5C38169624A78E6F00A3ED1C /* IngredientList.swift in Sources */,
			);
			runOnlyForDeploymentPostprocessing = 0;
		};
		5CD1366024A6A9EB00FD888E /* Sources */ = {
			isa = PBXSourcesBuildPhase;
			buildActionMask = 2147483647;
			files = (
				5CD1366924A6A9EB00FD888E /* TalesTests.swift in Sources */,
			);
			runOnlyForDeploymentPostprocessing = 0;
		};
		5CD1366B24A6A9EB00FD888E /* Sources */ = {
			isa = PBXSourcesBuildPhase;
			buildActionMask = 2147483647;
			files = (
				5CD1367424A6A9EB00FD888E /* TalesUITests.swift in Sources */,
			);
			runOnlyForDeploymentPostprocessing = 0;
		};
/* End PBXSourcesBuildPhase section */

/* Begin PBXTargetDependency section */
		5CD1366624A6A9EB00FD888E /* PBXTargetDependency */ = {
			isa = PBXTargetDependency;
			target = 5CD1365224A6A9E900FD888E /* Tales */;
			targetProxy = 5CD1366524A6A9EB00FD888E /* PBXContainerItemProxy */;
		};
		5CD1367124A6A9EB00FD888E /* PBXTargetDependency */ = {
			isa = PBXTargetDependency;
			target = 5CD1365224A6A9E900FD888E /* Tales */;
			targetProxy = 5CD1367024A6A9EB00FD888E /* PBXContainerItemProxy */;
		};
/* End PBXTargetDependency section */

/* Begin XCBuildConfiguration section */
		5CD1367624A6A9EB00FD888E /* Debug */ = {
			isa = XCBuildConfiguration;
			buildSettings = {
				ALWAYS_SEARCH_USER_PATHS = NO;
				CLANG_ANALYZER_NONNULL = YES;
				CLANG_ANALYZER_NUMBER_OBJECT_CONVERSION = YES_AGGRESSIVE;
				CLANG_CXX_LANGUAGE_STANDARD = "gnu++14";
				CLANG_CXX_LIBRARY = "libc++";
				CLANG_ENABLE_MODULES = YES;
				CLANG_ENABLE_OBJC_ARC = YES;
				CLANG_ENABLE_OBJC_WEAK = YES;
				CLANG_WARN_BLOCK_CAPTURE_AUTORELEASING = YES;
				CLANG_WARN_BOOL_CONVERSION = YES;
				CLANG_WARN_COMMA = YES;
				CLANG_WARN_CONSTANT_CONVERSION = YES;
				CLANG_WARN_DEPRECATED_OBJC_IMPLEMENTATIONS = YES;
				CLANG_WARN_DIRECT_OBJC_ISA_USAGE = YES_ERROR;
				CLANG_WARN_DOCUMENTATION_COMMENTS = YES;
				CLANG_WARN_EMPTY_BODY = YES;
				CLANG_WARN_ENUM_CONVERSION = YES;
				CLANG_WARN_INFINITE_RECURSION = YES;
				CLANG_WARN_INT_CONVERSION = YES;
				CLANG_WARN_NON_LITERAL_NULL_CONVERSION = YES;
				CLANG_WARN_OBJC_IMPLICIT_RETAIN_SELF = YES;
				CLANG_WARN_OBJC_LITERAL_CONVERSION = YES;
				CLANG_WARN_OBJC_ROOT_CLASS = YES_ERROR;
				CLANG_WARN_QUOTED_INCLUDE_IN_FRAMEWORK_HEADER = YES;
				CLANG_WARN_RANGE_LOOP_ANALYSIS = YES;
				CLANG_WARN_STRICT_PROTOTYPES = YES;
				CLANG_WARN_SUSPICIOUS_MOVE = YES;
				CLANG_WARN_UNGUARDED_AVAILABILITY = YES_AGGRESSIVE;
				CLANG_WARN_UNREACHABLE_CODE = YES;
				CLANG_WARN__DUPLICATE_METHOD_MATCH = YES;
				COPY_PHASE_STRIP = NO;
				DEBUG_INFORMATION_FORMAT = dwarf;
				ENABLE_STRICT_OBJC_MSGSEND = YES;
				ENABLE_TESTABILITY = YES;
				GCC_C_LANGUAGE_STANDARD = gnu11;
				GCC_DYNAMIC_NO_PIC = NO;
				GCC_NO_COMMON_BLOCKS = YES;
				GCC_OPTIMIZATION_LEVEL = 0;
				GCC_PREPROCESSOR_DEFINITIONS = (
					"DEBUG=1",
					"$(inherited)",
				);
				GCC_WARN_64_TO_32_BIT_CONVERSION = YES;
				GCC_WARN_ABOUT_RETURN_TYPE = YES_ERROR;
				GCC_WARN_UNDECLARED_SELECTOR = YES;
				GCC_WARN_UNINITIALIZED_AUTOS = YES_AGGRESSIVE;
				GCC_WARN_UNUSED_FUNCTION = YES;
				GCC_WARN_UNUSED_VARIABLE = YES;
				IPHONEOS_DEPLOYMENT_TARGET = 14.0;
				MTL_ENABLE_DEBUG_INFO = INCLUDE_SOURCE;
				MTL_FAST_MATH = YES;
				ONLY_ACTIVE_ARCH = YES;
				SDKROOT = iphoneos;
				SWIFT_ACTIVE_COMPILATION_CONDITIONS = DEBUG;
				SWIFT_OPTIMIZATION_LEVEL = "-Onone";
			};
			name = Debug;
		};
		5CD1367724A6A9EB00FD888E /* Release */ = {
			isa = XCBuildConfiguration;
			buildSettings = {
				ALWAYS_SEARCH_USER_PATHS = NO;
				CLANG_ANALYZER_NONNULL = YES;
				CLANG_ANALYZER_NUMBER_OBJECT_CONVERSION = YES_AGGRESSIVE;
				CLANG_CXX_LANGUAGE_STANDARD = "gnu++14";
				CLANG_CXX_LIBRARY = "libc++";
				CLANG_ENABLE_MODULES = YES;
				CLANG_ENABLE_OBJC_ARC = YES;
				CLANG_ENABLE_OBJC_WEAK = YES;
				CLANG_WARN_BLOCK_CAPTURE_AUTORELEASING = YES;
				CLANG_WARN_BOOL_CONVERSION = YES;
				CLANG_WARN_COMMA = YES;
				CLANG_WARN_CONSTANT_CONVERSION = YES;
				CLANG_WARN_DEPRECATED_OBJC_IMPLEMENTATIONS = YES;
				CLANG_WARN_DIRECT_OBJC_ISA_USAGE = YES_ERROR;
				CLANG_WARN_DOCUMENTATION_COMMENTS = YES;
				CLANG_WARN_EMPTY_BODY = YES;
				CLANG_WARN_ENUM_CONVERSION = YES;
				CLANG_WARN_INFINITE_RECURSION = YES;
				CLANG_WARN_INT_CONVERSION = YES;
				CLANG_WARN_NON_LITERAL_NULL_CONVERSION = YES;
				CLANG_WARN_OBJC_IMPLICIT_RETAIN_SELF = YES;
				CLANG_WARN_OBJC_LITERAL_CONVERSION = YES;
				CLANG_WARN_OBJC_ROOT_CLASS = YES_ERROR;
				CLANG_WARN_QUOTED_INCLUDE_IN_FRAMEWORK_HEADER = YES;
				CLANG_WARN_RANGE_LOOP_ANALYSIS = YES;
				CLANG_WARN_STRICT_PROTOTYPES = YES;
				CLANG_WARN_SUSPICIOUS_MOVE = YES;
				CLANG_WARN_UNGUARDED_AVAILABILITY = YES_AGGRESSIVE;
				CLANG_WARN_UNREACHABLE_CODE = YES;
				CLANG_WARN__DUPLICATE_METHOD_MATCH = YES;
				COPY_PHASE_STRIP = NO;
				DEBUG_INFORMATION_FORMAT = "dwarf-with-dsym";
				ENABLE_NS_ASSERTIONS = NO;
				ENABLE_STRICT_OBJC_MSGSEND = YES;
				GCC_C_LANGUAGE_STANDARD = gnu11;
				GCC_NO_COMMON_BLOCKS = YES;
				GCC_WARN_64_TO_32_BIT_CONVERSION = YES;
				GCC_WARN_ABOUT_RETURN_TYPE = YES_ERROR;
				GCC_WARN_UNDECLARED_SELECTOR = YES;
				GCC_WARN_UNINITIALIZED_AUTOS = YES_AGGRESSIVE;
				GCC_WARN_UNUSED_FUNCTION = YES;
				GCC_WARN_UNUSED_VARIABLE = YES;
				IPHONEOS_DEPLOYMENT_TARGET = 14.0;
				MTL_ENABLE_DEBUG_INFO = NO;
				MTL_FAST_MATH = YES;
				SDKROOT = iphoneos;
				SWIFT_COMPILATION_MODE = wholemodule;
				SWIFT_OPTIMIZATION_LEVEL = "-O";
				VALIDATE_PRODUCT = YES;
			};
			name = Release;
		};
		5CD1367924A6A9EB00FD888E /* Debug */ = {
			isa = XCBuildConfiguration;
			buildSettings = {
				ASSETCATALOG_COMPILER_APPICON_NAME = AppIcon;
				ASSETCATALOG_COMPILER_GLOBAL_ACCENT_COLOR_NAME = AccentColor;
				CODE_SIGN_STYLE = Automatic;
				DEVELOPMENT_ASSET_PATHS = "\"Tales/Preview Content\"";
				DEVELOPMENT_TEAM = Y2AR9RUWNT;
				ENABLE_PREVIEWS = YES;
				INFOPLIST_FILE = Tales/Info.plist;
				IPHONEOS_DEPLOYMENT_TARGET = 14.0;
				LD_RUNPATH_SEARCH_PATHS = (
					"$(inherited)",
					"@executable_path/Frameworks",
				);
				PRODUCT_BUNDLE_IDENTIFIER = com.superflousjazzhands.com.Tales;
				PRODUCT_NAME = "$(TARGET_NAME)";
				SWIFT_VERSION = 5.0;
				TARGETED_DEVICE_FAMILY = "1,2";
			};
			name = Debug;
		};
		5CD1367A24A6A9EB00FD888E /* Release */ = {
			isa = XCBuildConfiguration;
			buildSettings = {
				ASSETCATALOG_COMPILER_APPICON_NAME = AppIcon;
				ASSETCATALOG_COMPILER_GLOBAL_ACCENT_COLOR_NAME = AccentColor;
				CODE_SIGN_STYLE = Automatic;
				DEVELOPMENT_ASSET_PATHS = "\"Tales/Preview Content\"";
				DEVELOPMENT_TEAM = Y2AR9RUWNT;
				ENABLE_PREVIEWS = YES;
				INFOPLIST_FILE = Tales/Info.plist;
				IPHONEOS_DEPLOYMENT_TARGET = 14.0;
				LD_RUNPATH_SEARCH_PATHS = (
					"$(inherited)",
					"@executable_path/Frameworks",
				);
				PRODUCT_BUNDLE_IDENTIFIER = com.superflousjazzhands.com.Tales;
				PRODUCT_NAME = "$(TARGET_NAME)";
				SWIFT_VERSION = 5.0;
				TARGETED_DEVICE_FAMILY = "1,2";
			};
			name = Release;
		};
		5CD1367C24A6A9EB00FD888E /* Debug */ = {
			isa = XCBuildConfiguration;
			buildSettings = {
				ALWAYS_EMBED_SWIFT_STANDARD_LIBRARIES = YES;
				BUNDLE_LOADER = "$(TEST_HOST)";
				CODE_SIGN_STYLE = Automatic;
				DEVELOPMENT_TEAM = Y2AR9RUWNT;
				INFOPLIST_FILE = TalesTests/Info.plist;
				IPHONEOS_DEPLOYMENT_TARGET = 14.0;
				LD_RUNPATH_SEARCH_PATHS = (
					"$(inherited)",
					"@executable_path/Frameworks",
					"@loader_path/Frameworks",
				);
				PRODUCT_BUNDLE_IDENTIFIER = com.superflousjazzhands.com.TalesTests;
				PRODUCT_NAME = "$(TARGET_NAME)";
				SWIFT_VERSION = 5.0;
				TARGETED_DEVICE_FAMILY = "1,2";
				TEST_HOST = "$(BUILT_PRODUCTS_DIR)/Tales.app/Tales";
			};
			name = Debug;
		};
		5CD1367D24A6A9EB00FD888E /* Release */ = {
			isa = XCBuildConfiguration;
			buildSettings = {
				ALWAYS_EMBED_SWIFT_STANDARD_LIBRARIES = YES;
				BUNDLE_LOADER = "$(TEST_HOST)";
				CODE_SIGN_STYLE = Automatic;
				DEVELOPMENT_TEAM = Y2AR9RUWNT;
				INFOPLIST_FILE = TalesTests/Info.plist;
				IPHONEOS_DEPLOYMENT_TARGET = 14.0;
				LD_RUNPATH_SEARCH_PATHS = (
					"$(inherited)",
					"@executable_path/Frameworks",
					"@loader_path/Frameworks",
				);
				PRODUCT_BUNDLE_IDENTIFIER = com.superflousjazzhands.com.TalesTests;
				PRODUCT_NAME = "$(TARGET_NAME)";
				SWIFT_VERSION = 5.0;
				TARGETED_DEVICE_FAMILY = "1,2";
				TEST_HOST = "$(BUILT_PRODUCTS_DIR)/Tales.app/Tales";
			};
			name = Release;
		};
		5CD1367F24A6A9EB00FD888E /* Debug */ = {
			isa = XCBuildConfiguration;
			buildSettings = {
				ALWAYS_EMBED_SWIFT_STANDARD_LIBRARIES = YES;
				CODE_SIGN_STYLE = Automatic;
				DEVELOPMENT_TEAM = Y2AR9RUWNT;
				INFOPLIST_FILE = TalesUITests/Info.plist;
				LD_RUNPATH_SEARCH_PATHS = (
					"$(inherited)",
					"@executable_path/Frameworks",
					"@loader_path/Frameworks",
				);
				PRODUCT_BUNDLE_IDENTIFIER = com.superflousjazzhands.com.TalesUITests;
				PRODUCT_NAME = "$(TARGET_NAME)";
				SWIFT_VERSION = 5.0;
				TARGETED_DEVICE_FAMILY = "1,2";
				TEST_TARGET_NAME = Tales;
			};
			name = Debug;
		};
		5CD1368024A6A9EB00FD888E /* Release */ = {
			isa = XCBuildConfiguration;
			buildSettings = {
				ALWAYS_EMBED_SWIFT_STANDARD_LIBRARIES = YES;
				CODE_SIGN_STYLE = Automatic;
				DEVELOPMENT_TEAM = Y2AR9RUWNT;
				INFOPLIST_FILE = TalesUITests/Info.plist;
				LD_RUNPATH_SEARCH_PATHS = (
					"$(inherited)",
					"@executable_path/Frameworks",
					"@loader_path/Frameworks",
				);
				PRODUCT_BUNDLE_IDENTIFIER = com.superflousjazzhands.com.TalesUITests;
				PRODUCT_NAME = "$(TARGET_NAME)";
				SWIFT_VERSION = 5.0;
				TARGETED_DEVICE_FAMILY = "1,2";
				TEST_TARGET_NAME = Tales;
			};
			name = Release;
		};
/* End XCBuildConfiguration section */

/* Begin XCConfigurationList section */
		5CD1364E24A6A9E900FD888E /* Build configuration list for PBXProject "Tales" */ = {
			isa = XCConfigurationList;
			buildConfigurations = (
				5CD1367624A6A9EB00FD888E /* Debug */,
				5CD1367724A6A9EB00FD888E /* Release */,
			);
			defaultConfigurationIsVisible = 0;
			defaultConfigurationName = Release;
		};
		5CD1367824A6A9EB00FD888E /* Build configuration list for PBXNativeTarget "Tales" */ = {
			isa = XCConfigurationList;
			buildConfigurations = (
				5CD1367924A6A9EB00FD888E /* Debug */,
				5CD1367A24A6A9EB00FD888E /* Release */,
			);
			defaultConfigurationIsVisible = 0;
			defaultConfigurationName = Release;
		};
		5CD1367B24A6A9EB00FD888E /* Build configuration list for PBXNativeTarget "TalesTests" */ = {
			isa = XCConfigurationList;
			buildConfigurations = (
				5CD1367C24A6A9EB00FD888E /* Debug */,
				5CD1367D24A6A9EB00FD888E /* Release */,
			);
			defaultConfigurationIsVisible = 0;
			defaultConfigurationName = Release;
		};
		5CD1367E24A6A9EB00FD888E /* Build configuration list for PBXNativeTarget "TalesUITests" */ = {
			isa = XCConfigurationList;
			buildConfigurations = (
				5CD1367F24A6A9EB00FD888E /* Debug */,
				5CD1368024A6A9EB00FD888E /* Release */,
			);
			defaultConfigurationIsVisible = 0;
			defaultConfigurationName = Release;
		};
/* End XCConfigurationList section */
	};
	rootObject = 5CD1364B24A6A9E900FD888E /* Project object */;
}
